
Microsoft Visual Studio Solution File, Format Version 12.00
# Visual Studio Version 16
VisualStudioVersion = 16.0.31105.61
MinimumVisualStudioVersion = 10.0.40219.1
Project("{9A19103F-16F7-4668-BE54-9A1E7A4F7556}") = "ProgMobile", "ProgMobile.csproj", "{E9576D83-1F76-4EF8-BC4B-2E50AF4468EC}"
EndProject
Global
	GlobalSection(SolutionConfigurationPlatforms) = preSolution
		Debug|Any CPU = Debug|Any CPU
		Release|Any CPU = Release|Any CPU
	EndGlobalSection
	GlobalSection(ProjectConfigurationPlatforms) = postSolution
		{E9576D83-1F76-4EF8-BC4B-2E50AF4468EC}.Debug|Any CPU.ActiveCfg = Debug|Any CPU
		{E9576D83-1F76-4EF8-BC4B-2E50AF4468EC}.Debug|Any CPU.Build.0 = Debug|Any CPU
		{E9576D83-1F76-4EF8-BC4B-2E50AF4468EC}.Release|Any CPU.ActiveCfg = Release|Any CPU
		{E9576D83-1F76-4EF8-BC4B-2E50AF4468EC}.Release|Any CPU.Build.0 = Release|Any CPU
	EndGlobalSection
	GlobalSection(SolutionProperties) = preSolution
		HideSolutionNode = FALSE
	EndGlobalSection
	GlobalSection(ExtensibilityGlobals) = postSolution
		SolutionGuid = {D10F9CC3-C868-4F3F-A34C-5103D30AB1B5}
	EndGlobalSection
EndGlobal
